# This file was autogenerated by Stack.
# You should not edit this file by hand.
# For more information, please see the documentation at:
#   https://docs.haskellstack.org/en/stable/lock_files

packages: []
snapshots:
- completed:
    size: 510184
    url: https://raw.githubusercontent.com/commercialhaskell/stackage-snapshots/master/nightly/2020/4/8.yaml
    sha256: 21f48f06e3d2229b1543a9574bd85eddd838ff0487c2ff1095d2b71b0fad7ddf
  original: nightly-2020-04-08
