# This file was autogenerated by Stack.
# You should not edit this file by hand.
# For more information, please see the documentation at:
#   https://docs.haskellstack.org/en/stable/lock_files

packages:
- completed:
    hackage: time-1.13@sha256:30ed9ad5d27730a367b20805581cbc525cbeee688c865549347407c2b286be06,6293
    pantry-tree:
      size: 7208
      sha256: 0f8c9d4b5fa68341cf6e69ed1bf19bd9a095ea74ae42517ea9849ae930cbc7c0
  original:
    hackage: time-1.13
snapshots:
- completed:
    size: 517915
    url: https://raw.githubusercontent.com/commercialhaskell/stackage-snapshots/master/nightly/2022/3/23.yaml
    sha256: cb8f5a11e08dfb56a756ae96455346488efb1dadef3d8670d8c566ce6625e6ce
  original: nightly-2022-03-23
