# This file was autogenerated by Stack.
# You should not edit this file by hand.
# For more information, please see the documentation at:
#   https://docs.haskellstack.org/en/stable/lock_files

packages:
- completed:
    hackage: base-4.19.0.0@sha256:f8d40d8ef08249228674f64a00d4a6eb06a1d667755992b2336628db20d7d460,13261
    pantry-tree:
      sha256: 0429b67c818737cc8a8a8a56a7269ba591da7dacd61398db2e1e42810c666619
      size: 21393
  original:
    hackage: base-4.19.0.0
snapshots:
- completed:
    sha256: 190531f603c5d5115f66c3fd692a26eaa7958914e6450f78cd7028c401328578
    size: 695333
    url: https://raw.githubusercontent.com/commercialhaskell/stackage-snapshots/master/nightly/2023/10/23.yaml
  original: nightly-2023-10-23
